
Microsoft Visual Studio Solution File, Format Version 12.00
# Visual Studio 15
VisualStudioVersion = 15.0.27004.2002
MinimumVisualStudioVersion = 10.0.40219.1
Project("{FAE04EC0-301F-11D3-BF4B-00C04F79EFBC}") = "Affine tr", "Affine tr.csproj", "{904304E0-8385-4B66-8BE9-D10B69BDA4F1}"
EndProject
Global
	GlobalSection(SolutionConfigurationPlatforms) = preSolution
		Debug|Any CPU = Debug|Any CPU
		Release|Any CPU = Release|Any CPU
	EndGlobalSection
	GlobalSection(ProjectConfigurationPlatforms) = postSolution
		{904304E0-8385-4B66-8BE9-D10B69BDA4F1}.Debug|Any CPU.ActiveCfg = Debug|Any CPU
		{904304E0-8385-4B66-8BE9-D10B69BDA4F1}.Debug|Any CPU.Build.0 = Debug|Any CPU
		{904304E0-8385-4B66-8BE9-D10B69BDA4F1}.Release|Any CPU.ActiveCfg = Release|Any CPU
		{904304E0-8385-4B66-8BE9-D10B69BDA4F1}.Release|Any CPU.Build.0 = Release|Any CPU
	EndGlobalSection
	GlobalSection(SolutionProperties) = preSolution
		HideSolutionNode = FALSE
	EndGlobalSection
	GlobalSection(ExtensibilityGlobals) = postSolution
		SolutionGuid = {3D471689-2EAA-4C01-AEA6-95B5A453B310}
	EndGlobalSection
EndGlobal
